
Microsoft Visual Studio Solution File, Format Version 12.00
# Visual Studio Version 16
VisualStudioVersion = 16.0.31727.386
MinimumVisualStudioVersion = 10.0.40219.1
Project("{9A19103F-16F7-4668-BE54-9A1E7A4F7556}") = "Core Dojo", "Core Dojo\Core Dojo.csproj", "{394FC172-45D3-4F91-A9BB-F6C08CC98420}"
EndProject
Project("{9A19103F-16F7-4668-BE54-9A1E7A4F7556}") = "Repositories", "Repositories\Repositories.csproj", "{BC52BD7D-C18D-41A0-9615-95CBB3477F19}"
EndProject
Project("{FAE04EC0-301F-11D3-BF4B-00C04F79EFBC}") = "Common", "Common\Common.csproj", "{AB07F0EC-5DF8-445A-832F-085C04608DFD}"
EndProject
Global
	GlobalSection(SolutionConfigurationPlatforms) = preSolution
		Debug|Any CPU = Debug|Any CPU
		Release|Any CPU = Release|Any CPU
	EndGlobalSection
	GlobalSection(ProjectConfigurationPlatforms) = postSolution
		{394FC172-45D3-4F91-A9BB-F6C08CC98420}.Debug|Any CPU.ActiveCfg = Debug|Any CPU
		{394FC172-45D3-4F91-A9BB-F6C08CC98420}.Debug|Any CPU.Build.0 = Debug|Any CPU
		{394FC172-45D3-4F91-A9BB-F6C08CC98420}.Release|Any CPU.ActiveCfg = Release|Any CPU
		{394FC172-45D3-4F91-A9BB-F6C08CC98420}.Release|Any CPU.Build.0 = Release|Any CPU
		{BC52BD7D-C18D-41A0-9615-95CBB3477F19}.Debug|Any CPU.ActiveCfg = Debug|Any CPU
		{BC52BD7D-C18D-41A0-9615-95CBB3477F19}.Debug|Any CPU.Build.0 = Debug|Any CPU
		{BC52BD7D-C18D-41A0-9615-95CBB3477F19}.Release|Any CPU.ActiveCfg = Release|Any CPU
		{BC52BD7D-C18D-41A0-9615-95CBB3477F19}.Release|Any CPU.Build.0 = Release|Any CPU
		{AB07F0EC-5DF8-445A-832F-085C04608DFD}.Debug|Any CPU.ActiveCfg = Debug|Any CPU
		{AB07F0EC-5DF8-445A-832F-085C04608DFD}.Debug|Any CPU.Build.0 = Debug|Any CPU
		{AB07F0EC-5DF8-445A-832F-085C04608DFD}.Release|Any CPU.ActiveCfg = Release|Any CPU
		{AB07F0EC-5DF8-445A-832F-085C04608DFD}.Release|Any CPU.Build.0 = Release|Any CPU
	EndGlobalSection
	GlobalSection(SolutionProperties) = preSolution
		HideSolutionNode = FALSE
	EndGlobalSection
	GlobalSection(ExtensibilityGlobals) = postSolution
		SolutionGuid = {1CCCF092-7FDE-4DDE-A746-998D32048ABA}
	EndGlobalSection
EndGlobal
